
Microsoft Visual Studio Solution File, Format Version 12.00
# Visual Studio Version 17
VisualStudioVersion = 17.4.33213.308
MinimumVisualStudioVersion = 10.0.40219.1
Project("{FAE04EC0-301F-11D3-BF4B-00C04F79EFBC}") = "JR Basic App GitHub", "JR Basic App GitHub\JR Basic App GitHub.csproj", "{FFC00A9A-A855-4A55-B105-F4093F7B7A13}"
EndProject
Project("{FAE04EC0-301F-11D3-BF4B-00C04F79EFBC}") = "JR_Basic_App_Core.Tests", "JR_Basic_App_Core.Tests\JR_Basic_App_Core.Tests.csproj", "{B08F11CC-8B18-4343-90C6-2A205FCEF88B}"
EndProject
Global
	GlobalSection(SolutionConfigurationPlatforms) = preSolution
		Debug|Any CPU = Debug|Any CPU
		Release|Any CPU = Release|Any CPU
	EndGlobalSection
	GlobalSection(ProjectConfigurationPlatforms) = postSolution
		{FFC00A9A-A855-4A55-B105-F4093F7B7A13}.Debug|Any CPU.ActiveCfg = Debug|Any CPU
		{FFC00A9A-A855-4A55-B105-F4093F7B7A13}.Debug|Any CPU.Build.0 = Debug|Any CPU
		{FFC00A9A-A855-4A55-B105-F4093F7B7A13}.Release|Any CPU.ActiveCfg = Release|Any CPU
		{FFC00A9A-A855-4A55-B105-F4093F7B7A13}.Release|Any CPU.Build.0 = Release|Any CPU
		{B08F11CC-8B18-4343-90C6-2A205FCEF88B}.Debug|Any CPU.ActiveCfg = Debug|Any CPU
		{B08F11CC-8B18-4343-90C6-2A205FCEF88B}.Debug|Any CPU.Build.0 = Debug|Any CPU
		{B08F11CC-8B18-4343-90C6-2A205FCEF88B}.Release|Any CPU.ActiveCfg = Release|Any CPU
		{B08F11CC-8B18-4343-90C6-2A205FCEF88B}.Release|Any CPU.Build.0 = Release|Any CPU
	EndGlobalSection
	GlobalSection(SolutionProperties) = preSolution
		HideSolutionNode = FALSE
	EndGlobalSection
	GlobalSection(ExtensibilityGlobals) = postSolution
		SolutionGuid = {95CF667F-4462-4E0E-8C88-34408808576D}
	EndGlobalSection
EndGlobal
